
Microsoft Visual Studio Solution File, Format Version 12.00
# Visual Studio Version 17
VisualStudioVersion = 17.7.34031.279
MinimumVisualStudioVersion = 10.0.40219.1
Project("{9A19103F-16F7-4668-BE54-9A1E7A4F7556}") = "ccse-cw1", "ccse-cw1\ccse-cw1.csproj", "{141895EB-F9D1-48E7-9B36-328FE39434C0}"
EndProject
Global
	GlobalSection(SolutionConfigurationPlatforms) = preSolution
		Debug|Any CPU = Debug|Any CPU
		Release|Any CPU = Release|Any CPU
	EndGlobalSection
	GlobalSection(ProjectConfigurationPlatforms) = postSolution
		{141895EB-F9D1-48E7-9B36-328FE39434C0}.Debug|Any CPU.ActiveCfg = Debug|Any CPU
		{141895EB-F9D1-48E7-9B36-328FE39434C0}.Debug|Any CPU.Build.0 = Debug|Any CPU
		{141895EB-F9D1-48E7-9B36-328FE39434C0}.Release|Any CPU.ActiveCfg = Release|Any CPU
		{141895EB-F9D1-48E7-9B36-328FE39434C0}.Release|Any CPU.Build.0 = Release|Any CPU
	EndGlobalSection
	GlobalSection(SolutionProperties) = preSolution
		HideSolutionNode = FALSE
	EndGlobalSection
	GlobalSection(ExtensibilityGlobals) = postSolution
		SolutionGuid = {C5CB8542-2497-4412-82D1-4823B8FEEF6D}
	EndGlobalSection
EndGlobal
